PODS:
  - AppAuth (1.4.0):
    - AppAuth/Core (= 1.4.0)
    - AppAuth/ExternalUserAgent (= 1.4.0)
  - AppAuth/Core (1.4.0)
  - AppAuth/ExternalUserAgent (1.4.0)
  - Firebase/Auth (7.3.0):
    - Firebase/CoreOnly
    - FirebaseAuth (~> 7.3.0)
  - Firebase/CoreOnly (7.3.0):
    - FirebaseCore (= 7.3.0)
  - firebase_auth (0.20.1):
    - Firebase/Auth (= 7.3.0)
    - firebase_core
    - Flutter
  - firebase_auth_web (0.1.0):
    - Flutter
  - firebase_core (0.7.0):
    - Firebase/CoreOnly (= 7.3.0)
    - Flutter
  - firebase_core_web (0.1.0):
    - Flutter
  - FirebaseAuth (7.3.0):
    - FirebaseCore (~> 7.0)
    - GoogleUtilities/AppDelegateSwizzler (~> 7.0)
    - GoogleUtilities/Environment (~> 7.0)
    - GTMSessionFetcher/Core (~> 1.4)
  - FirebaseCore (7.3.0):
    - FirebaseCoreDiagnostics (~> 7.0)
    - GoogleUtilities/Environment (~> 7.0)
    - GoogleUtilities/Logger (~> 7.0)
  - FirebaseCoreDiagnostics (7.8.0):
    - GoogleDataTransport (~> 8.0)
    - GoogleUtilities/Environment (~> 7.0)
    - GoogleUtilities/Logger (~> 7.0)
    - nanopb (~> 2.30907.0)
  - Flutter (1.0.0)
  - flutter_secure_storage (3.3.1):
    - Flutter
  - FMDB (2.7.5):
    - FMDB/standard (= 2.7.5)
  - FMDB/standard (2.7.5)
  - google_sign_in (0.0.1):
    - Flutter
    - GoogleSignIn (~> 5.0)
  - google_sign_in_web (0.8.1):
    - Flutter
  - GoogleDataTransport (8.3.0):
    - GoogleUtilities/Environment (~> 7.2)
    - nanopb (~> 2.30907.0)
    - PromisesObjC (~> 1.2)
  - GoogleSignIn (5.0.2):
    - AppAuth (~> 1.2)
    - GTMAppAuth (~> 1.0)
    - GTMSessionFetcher/Core (~> 1.1)
  - GoogleUtilities/AppDelegateSwizzler (7.3.1):
    - GoogleUtilities/Environment
    - GoogleUtilities/Logger
    - GoogleUtilities/Network
  - GoogleUtilities/Environment (7.3.1):
    - PromisesObjC (~> 1.2)
  - GoogleUtilities/Logger (7.3.1):
    - GoogleUtilities/Environment
  - GoogleUtilities/Network (7.3.1):
    - GoogleUtilities/Logger
    - "GoogleUtilities/NSData+zlib"
    - GoogleUtilities/Reachability
  - "GoogleUtilities/NSData+zlib (7.3.1)"
  - GoogleUtilities/Reachability (7.3.1):
    - GoogleUtilities/Logger
  - GTMAppAuth (1.1.0):
    - AppAuth/Core (~> 1.4)
    - GTMSessionFetcher (~> 1.4)
  - GTMSessionFetcher (1.5.0):
    - GTMSessionFetcher/Full (= 1.5.0)
  - GTMSessionFetcher/Core (1.5.0)
  - GTMSessionFetcher/Full (1.5.0):
    - GTMSessionFetcher/Core (= 1.5.0)
  - nanopb (2.30907.0):
    - nanopb/decode (= 2.30907.0)
    - nanopb/encode (= 2.30907.0)
  - nanopb/decode (2.30907.0)
  - nanopb/encode (2.30907.0)
  - path_provider (0.0.1):
    - Flutter
  - path_provider_linux (0.0.1):
    - Flutter
  - path_provider_macos (0.0.1):
    - Flutter
  - path_provider_windows (0.0.1):
    - Flutter
  - PromisesObjC (1.2.12)
  - shared_preferences (0.0.1):
    - Flutter
  - shared_preferences_linux (0.0.1):
    - Flutter
  - shared_preferences_macos (0.0.1):
    - Flutter
  - shared_preferences_web (0.0.1):
    - Flutter
  - shared_preferences_windows (0.0.1):
    - Flutter
  - sqflite (0.0.1):
    - Flutter
    - FMDB (~> 2.7.2)

DEPENDENCIES:
  - firebase_auth (from `.symlinks/plugins/firebase_auth/ios`)
  - firebase_auth_web (from `.symlinks/plugins/firebase_auth_web/ios`)
  - firebase_core (from `.symlinks/plugins/firebase_core/ios`)
  - firebase_core_web (from `.symlinks/plugins/firebase_core_web/ios`)
  - Flutter (from `Flutter`)
  - flutter_secure_storage (from `.symlinks/plugins/flutter_secure_storage/ios`)
  - google_sign_in (from `.symlinks/plugins/google_sign_in/ios`)
  - google_sign_in_web (from `.symlinks/plugins/google_sign_in_web/ios`)
  - path_provider (from `.symlinks/plugins/path_provider/ios`)
  - path_provider_linux (from `.symlinks/plugins/path_provider_linux/ios`)
  - path_provider_macos (from `.symlinks/plugins/path_provider_macos/ios`)
  - path_provider_windows (from `.symlinks/plugins/path_provider_windows/ios`)
  - shared_preferences (from `.symlinks/plugins/shared_preferences/ios`)
  - shared_preferences_linux (from `.symlinks/plugins/shared_preferences_linux/ios`)
  - shared_preferences_macos (from `.symlinks/plugins/shared_preferences_macos/ios`)
  - shared_preferences_web (from `.symlinks/plugins/shared_preferences_web/ios`)
  - shared_preferences_windows (from `.symlinks/plugins/shared_preferences_windows/ios`)
  - sqflite (from `.symlinks/plugins/sqflite/ios`)

SPEC REPOS:
  trunk:
    - AppAuth
    - Firebase
    - FirebaseAuth
    - FirebaseCore
    - FirebaseCoreDiagnostics
    - FMDB
    - GoogleDataTransport
    - GoogleSignIn
    - GoogleUtilities
    - GTMAppAuth
    - GTMSessionFetcher
    - nanopb
    - PromisesObjC

EXTERNAL SOURCES:
  firebase_auth:
    :path: ".symlinks/plugins/firebase_auth/ios"
  firebase_auth_web:
    :path: ".symlinks/plugins/firebase_auth_web/ios"
  firebase_core:
    :path: ".symlinks/plugins/firebase_core/ios"
  firebase_core_web:
    :path: ".symlinks/plugins/firebase_core_web/ios"
  Flutter:
    :path: Flutter
  flutter_secure_storage:
    :path: ".symlinks/plugins/flutter_secure_storage/ios"
  google_sign_in:
    :path: ".symlinks/plugins/google_sign_in/ios"
  google_sign_in_web:
    :path: ".symlinks/plugins/google_sign_in_web/ios"
  path_provider:
    :path: ".symlinks/plugins/path_provider/ios"
  path_provider_linux:
    :path: ".symlinks/plugins/path_provider_linux/ios"
  path_provider_macos:
    :path: ".symlinks/plugins/path_provider_macos/ios"
  path_provider_windows:
    :path: ".symlinks/plugins/path_provider_windows/ios"
  shared_preferences:
    :path: ".symlinks/plugins/shared_preferences/ios"
  shared_preferences_linux:
    :path: ".symlinks/plugins/shared_preferences_linux/ios"
  shared_preferences_macos:
    :path: ".symlinks/plugins/shared_preferences_macos/ios"
  shared_preferences_web:
    :path: ".symlinks/plugins/shared_preferences_web/ios"
  shared_preferences_windows:
    :path: ".symlinks/plugins/shared_preferences_windows/ios"
  sqflite:
    :path: ".symlinks/plugins/sqflite/ios"

SPEC CHECKSUMS:
  AppAuth: 31bcec809a638d7bd2f86ea8a52bd45f6e81e7c7
  Firebase: 26223c695fe322633274198cb19dca8cb7e54416
  firebase_auth: 7220e26fc14a501a63093edc10443de6bca0d7e8
  firebase_auth_web: e1268d772083ddf0885942261de7d6f66a570059
  firebase_core: 91b27774a52f41f8b58484a75edf71197ac01c59
  firebase_core_web: 2223a33d6da33b048d7fd598f2ead160af0b6020
  FirebaseAuth: c224a0cf1afa0949bd5c7bfcf154b4f5ce8ddef2
  FirebaseCore: 4d3c72622ce0e2106aaa07bb4b2935ba2c370972
  FirebaseCoreDiagnostics: 066f996579cf097bdad3d7dc9a918d6b9e129c50
  Flutter: 0e3d915762c693b495b44d77113d4970485de6ec
  flutter_secure_storage: 7953c38a04c3fdbb00571bcd87d8e3b5ceb9daec
  FMDB: 2ce00b547f966261cd18927a3ddb07cb6f3db82a
  google_sign_in: 6bd214b9c154f881422f5fe27b66aaa7bbd580cc
  google_sign_in_web: 52deb24929ac0992baff65c57956031c44ed44c3
  GoogleDataTransport: b006084b73915a42c28a3466961a4edda3065da6
  GoogleSignIn: 7137d297ddc022a7e0aa4619c86d72c909fa7213
  GoogleUtilities: e1d9ed4e544fc32a93e00e721400cbc3f377200d
  GTMAppAuth: 197a8dabfea5d665224aa00d17f164fc2248dab9
  GTMSessionFetcher: b3503b20a988c4e20cc189aa798fd18220133f52
  nanopb: 59221d7f958fb711001e6a449489542d92ae113e
  path_provider: abfe2b5c733d04e238b0d8691db0cfd63a27a93c
  path_provider_linux: 4d630dc393e1f20364f3e3b4a2ff41d9674a84e4
  path_provider_macos: f760a3c5b04357c380e2fddb6f9db6f3015897e0
  path_provider_windows: a2b81600c677ac1959367280991971cb9a1edb3b
  PromisesObjC: 3113f7f76903778cf4a0586bd1ab89329a0b7b97
  shared_preferences: af6bfa751691cdc24be3045c43ec037377ada40d
  shared_preferences_linux: afefbfe8d921e207f01ede8b60373d9e3b566b78
  shared_preferences_macos: f3f29b71ccbb56bf40c9dd6396c9acf15e214087
  shared_preferences_web: 141cce0c3ed1a1c5bf2a0e44f52d31eeb66e5ea9
  shared_preferences_windows: 36b76d6f54e76ead957e60b49e2f124b4cd3e6ae
  sqflite: 4001a31ff81d210346b500c55b17f4d6c7589dd0

PODFILE CHECKSUM: 03ca1bf1c64dc8b19c6e4677c8bd060771e18859

COCOAPODS: 1.10.1
